
Microsoft Visual Studio Solution File, Format Version 12.00
# Visual Studio Version 17
VisualStudioVersion = 17.4.33110.190
MinimumVisualStudioVersion = 10.0.40219.1
Project("{FAE04EC0-301F-11D3-BF4B-00C04F79EFBC}") = "Matrizes", "Matrizes\Matrizes.csproj", "{D7D42846-DE56-430A-A137-161540588BD0}"
EndProject
Global
	GlobalSection(SolutionConfigurationPlatforms) = preSolution
		Debug|Any CPU = Debug|Any CPU
		Release|Any CPU = Release|Any CPU
	EndGlobalSection
	GlobalSection(ProjectConfigurationPlatforms) = postSolution
		{D7D42846-DE56-430A-A137-161540588BD0}.Debug|Any CPU.ActiveCfg = Debug|Any CPU
		{D7D42846-DE56-430A-A137-161540588BD0}.Debug|Any CPU.Build.0 = Debug|Any CPU
		{D7D42846-DE56-430A-A137-161540588BD0}.Release|Any CPU.ActiveCfg = Release|Any CPU
		{D7D42846-DE56-430A-A137-161540588BD0}.Release|Any CPU.Build.0 = Release|Any CPU
	EndGlobalSection
	GlobalSection(SolutionProperties) = preSolution
		HideSolutionNode = FALSE
	EndGlobalSection
	GlobalSection(ExtensibilityGlobals) = postSolution
		SolutionGuid = {9DD29C1C-6173-476A-A28B-54AB3F0DA003}
	EndGlobalSection
EndGlobal
