
Microsoft Visual Studio Solution File, Format Version 12.00
# Visual Studio Version 17
VisualStudioVersion = 17.4.33110.190
MinimumVisualStudioVersion = 10.0.40219.1
Project("{FAE04EC0-301F-11D3-BF4B-00C04F79EFBC}") = "Flipper_2454", "Flipper_2454\Flipper_2454.csproj", "{98CD8D83-0745-4E51-B631-DD1BAF17D6AE}"
EndProject
Global
	GlobalSection(SolutionConfigurationPlatforms) = preSolution
		Debug|Any CPU = Debug|Any CPU
		Release|Any CPU = Release|Any CPU
	EndGlobalSection
	GlobalSection(ProjectConfigurationPlatforms) = postSolution
		{98CD8D83-0745-4E51-B631-DD1BAF17D6AE}.Debug|Any CPU.ActiveCfg = Debug|Any CPU
		{98CD8D83-0745-4E51-B631-DD1BAF17D6AE}.Debug|Any CPU.Build.0 = Debug|Any CPU
		{98CD8D83-0745-4E51-B631-DD1BAF17D6AE}.Release|Any CPU.ActiveCfg = Release|Any CPU
		{98CD8D83-0745-4E51-B631-DD1BAF17D6AE}.Release|Any CPU.Build.0 = Release|Any CPU
	EndGlobalSection
	GlobalSection(SolutionProperties) = preSolution
		HideSolutionNode = FALSE
	EndGlobalSection
	GlobalSection(ExtensibilityGlobals) = postSolution
		SolutionGuid = {9A98B755-9E94-4163-8AB5-54671AD65E80}
	EndGlobalSection
EndGlobal
