
Microsoft Visual Studio Solution File, Format Version 12.00
# Visual Studio Version 17
VisualStudioVersion = 17.4.33110.190
MinimumVisualStudioVersion = 10.0.40219.1
Project("{FAE04EC0-301F-11D3-BF4B-00C04F79EFBC}") = "Variaveis", "Variaveis\Variaveis.csproj", "{1863A8BE-B3A7-42E2-BB6F-B85FCADFD3A3}"
EndProject
Global
	GlobalSection(SolutionConfigurationPlatforms) = preSolution
		Debug|Any CPU = Debug|Any CPU
		Release|Any CPU = Release|Any CPU
	EndGlobalSection
	GlobalSection(ProjectConfigurationPlatforms) = postSolution
		{1863A8BE-B3A7-42E2-BB6F-B85FCADFD3A3}.Debug|Any CPU.ActiveCfg = Debug|Any CPU
		{1863A8BE-B3A7-42E2-BB6F-B85FCADFD3A3}.Debug|Any CPU.Build.0 = Debug|Any CPU
		{1863A8BE-B3A7-42E2-BB6F-B85FCADFD3A3}.Release|Any CPU.ActiveCfg = Release|Any CPU
		{1863A8BE-B3A7-42E2-BB6F-B85FCADFD3A3}.Release|Any CPU.Build.0 = Release|Any CPU
	EndGlobalSection
	GlobalSection(SolutionProperties) = preSolution
		HideSolutionNode = FALSE
	EndGlobalSection
	GlobalSection(ExtensibilityGlobals) = postSolution
		SolutionGuid = {85F2C1C0-7455-4096-83DA-CFB778CE3D1D}
	EndGlobalSection
EndGlobal
