
Microsoft Visual Studio Solution File, Format Version 12.00
# Visual Studio Version 17
VisualStudioVersion = 17.4.33103.184
MinimumVisualStudioVersion = 10.0.40219.1
Project("{FAE04EC0-301F-11D3-BF4B-00C04F79EFBC}") = "PrimeiroProjeto", "PrimeiroProjeto\PrimeiroProjeto.csproj", "{3F1FC331-4FB7-4AFB-A029-CE52BD5C835A}"
EndProject
Global
	GlobalSection(SolutionConfigurationPlatforms) = preSolution
		Debug|Any CPU = Debug|Any CPU
		Release|Any CPU = Release|Any CPU
	EndGlobalSection
	GlobalSection(ProjectConfigurationPlatforms) = postSolution
		{3F1FC331-4FB7-4AFB-A029-CE52BD5C835A}.Debug|Any CPU.ActiveCfg = Debug|Any CPU
		{3F1FC331-4FB7-4AFB-A029-CE52BD5C835A}.Debug|Any CPU.Build.0 = Debug|Any CPU
		{3F1FC331-4FB7-4AFB-A029-CE52BD5C835A}.Release|Any CPU.ActiveCfg = Release|Any CPU
		{3F1FC331-4FB7-4AFB-A029-CE52BD5C835A}.Release|Any CPU.Build.0 = Release|Any CPU
	EndGlobalSection
	GlobalSection(SolutionProperties) = preSolution
		HideSolutionNode = FALSE
	EndGlobalSection
	GlobalSection(ExtensibilityGlobals) = postSolution
		SolutionGuid = {2905B9E6-BE88-4F3A-9462-8982628CA62B}
	EndGlobalSection
EndGlobal
