
Microsoft Visual Studio Solution File, Format Version 12.00
# Visual Studio Version 17
VisualStudioVersion = 17.4.33213.308
MinimumVisualStudioVersion = 10.0.40219.1
Project("{FAE04EC0-301F-11D3-BF4B-00C04F79EFBC}") = "ProjetoCalculadora", "TestesUnitários\ProjetoCalculadora.csproj", "{07649E69-03ED-4EE2-9304-D7C3FCE6D190}"
EndProject
Project("{FAE04EC0-301F-11D3-BF4B-00C04F79EFBC}") = "CalculadoraTeste", "CalculadoraTeste\CalculadoraTeste.csproj", "{2B1DC434-EDFE-41AD-BFB3-306BFCFD86D3}"
EndProject
Global
	GlobalSection(SolutionConfigurationPlatforms) = preSolution
		Debug|Any CPU = Debug|Any CPU
		Release|Any CPU = Release|Any CPU
	EndGlobalSection
	GlobalSection(ProjectConfigurationPlatforms) = postSolution
		{07649E69-03ED-4EE2-9304-D7C3FCE6D190}.Debug|Any CPU.ActiveCfg = Debug|Any CPU
		{07649E69-03ED-4EE2-9304-D7C3FCE6D190}.Debug|Any CPU.Build.0 = Debug|Any CPU
		{07649E69-03ED-4EE2-9304-D7C3FCE6D190}.Release|Any CPU.ActiveCfg = Release|Any CPU
		{07649E69-03ED-4EE2-9304-D7C3FCE6D190}.Release|Any CPU.Build.0 = Release|Any CPU
		{2B1DC434-EDFE-41AD-BFB3-306BFCFD86D3}.Debug|Any CPU.ActiveCfg = Debug|Any CPU
		{2B1DC434-EDFE-41AD-BFB3-306BFCFD86D3}.Debug|Any CPU.Build.0 = Debug|Any CPU
		{2B1DC434-EDFE-41AD-BFB3-306BFCFD86D3}.Release|Any CPU.ActiveCfg = Release|Any CPU
		{2B1DC434-EDFE-41AD-BFB3-306BFCFD86D3}.Release|Any CPU.Build.0 = Release|Any CPU
	EndGlobalSection
	GlobalSection(SolutionProperties) = preSolution
		HideSolutionNode = FALSE
	EndGlobalSection
	GlobalSection(ExtensibilityGlobals) = postSolution
		SolutionGuid = {0A1A796D-C16B-4C97-9C9D-A2CEE2F843E3}
	EndGlobalSection
EndGlobal
