
Microsoft Visual Studio Solution File, Format Version 12.00
# Visual Studio Version 17
VisualStudioVersion = 17.4.33110.190
MinimumVisualStudioVersion = 10.0.40219.1
Project("{FAE04EC0-301F-11D3-BF4B-00C04F79EFBC}") = "OMaior_1013", "OMaior_1013\OMaior_1013.csproj", "{F6DB677C-E83A-437F-B323-950491DD8CFE}"
EndProject
Global
	GlobalSection(SolutionConfigurationPlatforms) = preSolution
		Debug|Any CPU = Debug|Any CPU
		Release|Any CPU = Release|Any CPU
	EndGlobalSection
	GlobalSection(ProjectConfigurationPlatforms) = postSolution
		{F6DB677C-E83A-437F-B323-950491DD8CFE}.Debug|Any CPU.ActiveCfg = Debug|Any CPU
		{F6DB677C-E83A-437F-B323-950491DD8CFE}.Debug|Any CPU.Build.0 = Debug|Any CPU
		{F6DB677C-E83A-437F-B323-950491DD8CFE}.Release|Any CPU.ActiveCfg = Release|Any CPU
		{F6DB677C-E83A-437F-B323-950491DD8CFE}.Release|Any CPU.Build.0 = Release|Any CPU
	EndGlobalSection
	GlobalSection(SolutionProperties) = preSolution
		HideSolutionNode = FALSE
	EndGlobalSection
	GlobalSection(ExtensibilityGlobals) = postSolution
		SolutionGuid = {0C7A6420-ACD2-4A23-87E3-620F0D65CFF1}
	EndGlobalSection
EndGlobal
