
Microsoft Visual Studio Solution File, Format Version 12.00
# Visual Studio Version 17
VisualStudioVersion = 17.4.33110.190
MinimumVisualStudioVersion = 10.0.40219.1
Project("{FAE04EC0-301F-11D3-BF4B-00C04F79EFBC}") = "Vetores2", "Vetores2\Vetores2.csproj", "{BEFC6671-B885-417B-9D5D-9B150799F376}"
EndProject
Global
	GlobalSection(SolutionConfigurationPlatforms) = preSolution
		Debug|Any CPU = Debug|Any CPU
		Release|Any CPU = Release|Any CPU
	EndGlobalSection
	GlobalSection(ProjectConfigurationPlatforms) = postSolution
		{BEFC6671-B885-417B-9D5D-9B150799F376}.Debug|Any CPU.ActiveCfg = Debug|Any CPU
		{BEFC6671-B885-417B-9D5D-9B150799F376}.Debug|Any CPU.Build.0 = Debug|Any CPU
		{BEFC6671-B885-417B-9D5D-9B150799F376}.Release|Any CPU.ActiveCfg = Release|Any CPU
		{BEFC6671-B885-417B-9D5D-9B150799F376}.Release|Any CPU.Build.0 = Release|Any CPU
	EndGlobalSection
	GlobalSection(SolutionProperties) = preSolution
		HideSolutionNode = FALSE
	EndGlobalSection
	GlobalSection(ExtensibilityGlobals) = postSolution
		SolutionGuid = {B8BE68B1-C252-4554-9A62-60437B0057E6}
	EndGlobalSection
EndGlobal
