
Microsoft Visual Studio Solution File, Format Version 12.00
# Visual Studio Version 17
VisualStudioVersion = 17.4.33110.190
MinimumVisualStudioVersion = 10.0.40219.1
Project("{FAE04EC0-301F-11D3-BF4B-00C04F79EFBC}") = "SwitchCase", "SwitchCase\SwitchCase.csproj", "{6825D8E7-0050-4314-B504-1B007A118CC1}"
EndProject
Global
	GlobalSection(SolutionConfigurationPlatforms) = preSolution
		Debug|Any CPU = Debug|Any CPU
		Release|Any CPU = Release|Any CPU
	EndGlobalSection
	GlobalSection(ProjectConfigurationPlatforms) = postSolution
		{6825D8E7-0050-4314-B504-1B007A118CC1}.Debug|Any CPU.ActiveCfg = Debug|Any CPU
		{6825D8E7-0050-4314-B504-1B007A118CC1}.Debug|Any CPU.Build.0 = Debug|Any CPU
		{6825D8E7-0050-4314-B504-1B007A118CC1}.Release|Any CPU.ActiveCfg = Release|Any CPU
		{6825D8E7-0050-4314-B504-1B007A118CC1}.Release|Any CPU.Build.0 = Release|Any CPU
	EndGlobalSection
	GlobalSection(SolutionProperties) = preSolution
		HideSolutionNode = FALSE
	EndGlobalSection
	GlobalSection(ExtensibilityGlobals) = postSolution
		SolutionGuid = {F9856F61-D0A6-435D-8B50-2A19DE412648}
	EndGlobalSection
EndGlobal
