
Microsoft Visual Studio Solution File, Format Version 12.00
# Visual Studio Version 17
VisualStudioVersion = 17.4.33103.184
MinimumVisualStudioVersion = 10.0.40219.1
Project("{FAE04EC0-301F-11D3-BF4B-00C04F79EFBC}") = "CasasDecimais", "CasasDecimais\CasasDecimais.csproj", "{AC3ABEC1-67E4-4DE4-97FF-ADF13E66D59F}"
EndProject
Global
	GlobalSection(SolutionConfigurationPlatforms) = preSolution
		Debug|Any CPU = Debug|Any CPU
		Release|Any CPU = Release|Any CPU
	EndGlobalSection
	GlobalSection(ProjectConfigurationPlatforms) = postSolution
		{AC3ABEC1-67E4-4DE4-97FF-ADF13E66D59F}.Debug|Any CPU.ActiveCfg = Debug|Any CPU
		{AC3ABEC1-67E4-4DE4-97FF-ADF13E66D59F}.Debug|Any CPU.Build.0 = Debug|Any CPU
		{AC3ABEC1-67E4-4DE4-97FF-ADF13E66D59F}.Release|Any CPU.ActiveCfg = Release|Any CPU
		{AC3ABEC1-67E4-4DE4-97FF-ADF13E66D59F}.Release|Any CPU.Build.0 = Release|Any CPU
	EndGlobalSection
	GlobalSection(SolutionProperties) = preSolution
		HideSolutionNode = FALSE
	EndGlobalSection
	GlobalSection(ExtensibilityGlobals) = postSolution
		SolutionGuid = {944A8C71-8D6B-4079-A75D-390063C62C3C}
	EndGlobalSection
EndGlobal
