
Microsoft Visual Studio Solution File, Format Version 12.00
# Visual Studio Version 17
VisualStudioVersion = 17.4.33110.190
MinimumVisualStudioVersion = 10.0.40219.1
Project("{FAE04EC0-301F-11D3-BF4B-00C04F79EFBC}") = "Listas", "Listas\Listas.csproj", "{832DB51E-09A7-492E-8D5D-4AAFCA431C1C}"
EndProject
Global
	GlobalSection(SolutionConfigurationPlatforms) = preSolution
		Debug|Any CPU = Debug|Any CPU
		Release|Any CPU = Release|Any CPU
	EndGlobalSection
	GlobalSection(ProjectConfigurationPlatforms) = postSolution
		{832DB51E-09A7-492E-8D5D-4AAFCA431C1C}.Debug|Any CPU.ActiveCfg = Debug|Any CPU
		{832DB51E-09A7-492E-8D5D-4AAFCA431C1C}.Debug|Any CPU.Build.0 = Debug|Any CPU
		{832DB51E-09A7-492E-8D5D-4AAFCA431C1C}.Release|Any CPU.ActiveCfg = Release|Any CPU
		{832DB51E-09A7-492E-8D5D-4AAFCA431C1C}.Release|Any CPU.Build.0 = Release|Any CPU
	EndGlobalSection
	GlobalSection(SolutionProperties) = preSolution
		HideSolutionNode = FALSE
	EndGlobalSection
	GlobalSection(ExtensibilityGlobals) = postSolution
		SolutionGuid = {F27F2BAC-04FF-4B45-B42E-751EF45DFF44}
	EndGlobalSection
EndGlobal
