
Microsoft Visual Studio Solution File, Format Version 12.00
# Visual Studio Version 17
VisualStudioVersion = 17.4.33110.190
MinimumVisualStudioVersion = 10.0.40219.1
Project("{FAE04EC0-301F-11D3-BF4B-00C04F79EFBC}") = "ConstrutoresPrivacidades", "ConstrutoresPrivacidades\ConstrutoresPrivacidades.csproj", "{2D388162-B145-407E-AA60-01B2C43D91DD}"
EndProject
Global
	GlobalSection(SolutionConfigurationPlatforms) = preSolution
		Debug|Any CPU = Debug|Any CPU
		Release|Any CPU = Release|Any CPU
	EndGlobalSection
	GlobalSection(ProjectConfigurationPlatforms) = postSolution
		{2D388162-B145-407E-AA60-01B2C43D91DD}.Debug|Any CPU.ActiveCfg = Debug|Any CPU
		{2D388162-B145-407E-AA60-01B2C43D91DD}.Debug|Any CPU.Build.0 = Debug|Any CPU
		{2D388162-B145-407E-AA60-01B2C43D91DD}.Release|Any CPU.ActiveCfg = Release|Any CPU
		{2D388162-B145-407E-AA60-01B2C43D91DD}.Release|Any CPU.Build.0 = Release|Any CPU
	EndGlobalSection
	GlobalSection(SolutionProperties) = preSolution
		HideSolutionNode = FALSE
	EndGlobalSection
	GlobalSection(ExtensibilityGlobals) = postSolution
		SolutionGuid = {3192A6BC-257A-427B-A916-560B06217B9B}
	EndGlobalSection
EndGlobal
