
Microsoft Visual Studio Solution File, Format Version 12.00
# Visual Studio Version 17
VisualStudioVersion = 17.4.33110.190
MinimumVisualStudioVersion = 10.0.40219.1
Project("{FAE04EC0-301F-11D3-BF4B-00C04F79EFBC}") = "For", "For\For.csproj", "{9CE40CD1-E1E2-4D30-88A4-11DF22F38BE6}"
EndProject
Global
	GlobalSection(SolutionConfigurationPlatforms) = preSolution
		Debug|Any CPU = Debug|Any CPU
		Release|Any CPU = Release|Any CPU
	EndGlobalSection
	GlobalSection(ProjectConfigurationPlatforms) = postSolution
		{9CE40CD1-E1E2-4D30-88A4-11DF22F38BE6}.Debug|Any CPU.ActiveCfg = Debug|Any CPU
		{9CE40CD1-E1E2-4D30-88A4-11DF22F38BE6}.Debug|Any CPU.Build.0 = Debug|Any CPU
		{9CE40CD1-E1E2-4D30-88A4-11DF22F38BE6}.Release|Any CPU.ActiveCfg = Release|Any CPU
		{9CE40CD1-E1E2-4D30-88A4-11DF22F38BE6}.Release|Any CPU.Build.0 = Release|Any CPU
	EndGlobalSection
	GlobalSection(SolutionProperties) = preSolution
		HideSolutionNode = FALSE
	EndGlobalSection
	GlobalSection(ExtensibilityGlobals) = postSolution
		SolutionGuid = {CBB1951B-D41F-4481-9A76-CEC7A9584D70}
	EndGlobalSection
EndGlobal
